
Microsoft Visual Studio Solution File, Format Version 12.00
# Visual Studio Version 17
VisualStudioVersion = 17.14.36804.6 d17.14
MinimumVisualStudioVersion = 10.0.40219.1
Project("{FAE04EC0-301F-11D3-BF4B-00C04F79EFBC}") = "task_4_52", "task_4_52\task_4_52.csproj", "{D2F3A3F9-EFF7-44CA-85B9-F13092DE59E3}"
EndProject
Global
	GlobalSection(SolutionConfigurationPlatforms) = preSolution
		Debug|Any CPU = Debug|Any CPU
		Release|Any CPU = Release|Any CPU
	EndGlobalSection
	GlobalSection(ProjectConfigurationPlatforms) = postSolution
		{D2F3A3F9-EFF7-44CA-85B9-F13092DE59E3}.Debug|Any CPU.ActiveCfg = Debug|Any CPU
		{D2F3A3F9-EFF7-44CA-85B9-F13092DE59E3}.Debug|Any CPU.Build.0 = Debug|Any CPU
		{D2F3A3F9-EFF7-44CA-85B9-F13092DE59E3}.Release|Any CPU.ActiveCfg = Release|Any CPU
		{D2F3A3F9-EFF7-44CA-85B9-F13092DE59E3}.Release|Any CPU.Build.0 = Release|Any CPU
	EndGlobalSection
	GlobalSection(SolutionProperties) = preSolution
		HideSolutionNode = FALSE
	EndGlobalSection
	GlobalSection(ExtensibilityGlobals) = postSolution
		SolutionGuid = {6D892539-6159-4E5E-9B69-FEA3CEB02BB2}
	EndGlobalSection
EndGlobal
