
Microsoft Visual Studio Solution File, Format Version 12.00
# Visual Studio Version 17
VisualStudioVersion = 17.14.36804.6 d17.14
MinimumVisualStudioVersion = 10.0.40219.1
Project("{FAE04EC0-301F-11D3-BF4B-00C04F79EFBC}") = "task_4_31", "task_4_31\task_4_31.csproj", "{0C8ADB7E-B15E-41A3-A1CD-F22D37332BDA}"
EndProject
Global
	GlobalSection(SolutionConfigurationPlatforms) = preSolution
		Debug|Any CPU = Debug|Any CPU
		Release|Any CPU = Release|Any CPU
	EndGlobalSection
	GlobalSection(ProjectConfigurationPlatforms) = postSolution
		{0C8ADB7E-B15E-41A3-A1CD-F22D37332BDA}.Debug|Any CPU.ActiveCfg = Debug|Any CPU
		{0C8ADB7E-B15E-41A3-A1CD-F22D37332BDA}.Debug|Any CPU.Build.0 = Debug|Any CPU
		{0C8ADB7E-B15E-41A3-A1CD-F22D37332BDA}.Release|Any CPU.ActiveCfg = Release|Any CPU
		{0C8ADB7E-B15E-41A3-A1CD-F22D37332BDA}.Release|Any CPU.Build.0 = Release|Any CPU
	EndGlobalSection
	GlobalSection(SolutionProperties) = preSolution
		HideSolutionNode = FALSE
	EndGlobalSection
	GlobalSection(ExtensibilityGlobals) = postSolution
		SolutionGuid = {BCA2D71B-EC08-43A4-A9EA-67D78C4BAFC6}
	EndGlobalSection
EndGlobal
