
Microsoft Visual Studio Solution File, Format Version 12.00
# Visual Studio Version 17
VisualStudioVersion = 17.14.36804.6 d17.14
MinimumVisualStudioVersion = 10.0.40219.1
Project("{FAE04EC0-301F-11D3-BF4B-00C04F79EFBC}") = "task_4_25", "task_4_25\task_4_25.csproj", "{F7A7D260-2172-4185-B1CF-E8A6EB9DB461}"
EndProject
Global
	GlobalSection(SolutionConfigurationPlatforms) = preSolution
		Debug|Any CPU = Debug|Any CPU
		Release|Any CPU = Release|Any CPU
	EndGlobalSection
	GlobalSection(ProjectConfigurationPlatforms) = postSolution
		{F7A7D260-2172-4185-B1CF-E8A6EB9DB461}.Debug|Any CPU.ActiveCfg = Debug|Any CPU
		{F7A7D260-2172-4185-B1CF-E8A6EB9DB461}.Debug|Any CPU.Build.0 = Debug|Any CPU
		{F7A7D260-2172-4185-B1CF-E8A6EB9DB461}.Release|Any CPU.ActiveCfg = Release|Any CPU
		{F7A7D260-2172-4185-B1CF-E8A6EB9DB461}.Release|Any CPU.Build.0 = Release|Any CPU
	EndGlobalSection
	GlobalSection(SolutionProperties) = preSolution
		HideSolutionNode = FALSE
	EndGlobalSection
	GlobalSection(ExtensibilityGlobals) = postSolution
		SolutionGuid = {0F9B76EA-8027-4247-87A1-EDEFDB1749FE}
	EndGlobalSection
EndGlobal
