
Microsoft Visual Studio Solution File, Format Version 12.00
# Visual Studio Version 17
VisualStudioVersion = 17.14.36804.6 d17.14
MinimumVisualStudioVersion = 10.0.40219.1
Project("{FAE04EC0-301F-11D3-BF4B-00C04F79EFBC}") = "task_4_131", "task_4_131\task_4_131.csproj", "{765CD922-20A1-414E-83C0-14B751200913}"
EndProject
Global
	GlobalSection(SolutionConfigurationPlatforms) = preSolution
		Debug|Any CPU = Debug|Any CPU
		Release|Any CPU = Release|Any CPU
	EndGlobalSection
	GlobalSection(ProjectConfigurationPlatforms) = postSolution
		{765CD922-20A1-414E-83C0-14B751200913}.Debug|Any CPU.ActiveCfg = Debug|Any CPU
		{765CD922-20A1-414E-83C0-14B751200913}.Debug|Any CPU.Build.0 = Debug|Any CPU
		{765CD922-20A1-414E-83C0-14B751200913}.Release|Any CPU.ActiveCfg = Release|Any CPU
		{765CD922-20A1-414E-83C0-14B751200913}.Release|Any CPU.Build.0 = Release|Any CPU
	EndGlobalSection
	GlobalSection(SolutionProperties) = preSolution
		HideSolutionNode = FALSE
	EndGlobalSection
	GlobalSection(ExtensibilityGlobals) = postSolution
		SolutionGuid = {CE5A6A60-6D4F-4F59-9CCF-B47EC4CE69AF}
	EndGlobalSection
EndGlobal
