
Microsoft Visual Studio Solution File, Format Version 12.00
# Visual Studio Version 17
VisualStudioVersion = 17.14.36804.6 d17.14
MinimumVisualStudioVersion = 10.0.40219.1
Project("{FAE04EC0-301F-11D3-BF4B-00C04F79EFBC}") = "task_4_17", "task_4_17\task_4_17.csproj", "{51FEF92C-B698-4834-9F85-573873EB6536}"
EndProject
Global
	GlobalSection(SolutionConfigurationPlatforms) = preSolution
		Debug|Any CPU = Debug|Any CPU
		Release|Any CPU = Release|Any CPU
	EndGlobalSection
	GlobalSection(ProjectConfigurationPlatforms) = postSolution
		{51FEF92C-B698-4834-9F85-573873EB6536}.Debug|Any CPU.ActiveCfg = Debug|Any CPU
		{51FEF92C-B698-4834-9F85-573873EB6536}.Debug|Any CPU.Build.0 = Debug|Any CPU
		{51FEF92C-B698-4834-9F85-573873EB6536}.Release|Any CPU.ActiveCfg = Release|Any CPU
		{51FEF92C-B698-4834-9F85-573873EB6536}.Release|Any CPU.Build.0 = Release|Any CPU
	EndGlobalSection
	GlobalSection(SolutionProperties) = preSolution
		HideSolutionNode = FALSE
	EndGlobalSection
	GlobalSection(ExtensibilityGlobals) = postSolution
		SolutionGuid = {95F9A6C5-F268-474E-9104-556A3BCA80E4}
	EndGlobalSection
EndGlobal
