
Microsoft Visual Studio Solution File, Format Version 12.00
# Visual Studio Version 17
VisualStudioVersion = 17.14.36804.6 d17.14
MinimumVisualStudioVersion = 10.0.40219.1
Project("{FAE04EC0-301F-11D3-BF4B-00C04F79EFBC}") = "task_4_56", "task_4_56\task_4_56.csproj", "{252DEBD7-4414-4750-9B8A-194454809DCE}"
EndProject
Global
	GlobalSection(SolutionConfigurationPlatforms) = preSolution
		Debug|Any CPU = Debug|Any CPU
		Release|Any CPU = Release|Any CPU
	EndGlobalSection
	GlobalSection(ProjectConfigurationPlatforms) = postSolution
		{252DEBD7-4414-4750-9B8A-194454809DCE}.Debug|Any CPU.ActiveCfg = Debug|Any CPU
		{252DEBD7-4414-4750-9B8A-194454809DCE}.Debug|Any CPU.Build.0 = Debug|Any CPU
		{252DEBD7-4414-4750-9B8A-194454809DCE}.Release|Any CPU.ActiveCfg = Release|Any CPU
		{252DEBD7-4414-4750-9B8A-194454809DCE}.Release|Any CPU.Build.0 = Release|Any CPU
	EndGlobalSection
	GlobalSection(SolutionProperties) = preSolution
		HideSolutionNode = FALSE
	EndGlobalSection
	GlobalSection(ExtensibilityGlobals) = postSolution
		SolutionGuid = {A412730C-1787-45EA-B482-F0C36679EB87}
	EndGlobalSection
EndGlobal
