
Microsoft Visual Studio Solution File, Format Version 12.00
# Visual Studio Version 17
VisualStudioVersion = 17.14.36804.6 d17.14
MinimumVisualStudioVersion = 10.0.40219.1
Project("{FAE04EC0-301F-11D3-BF4B-00C04F79EFBC}") = "task_4_132", "task_4_132\task_4_132.csproj", "{67B26A27-C93D-454A-AEB6-CC82C6568A72}"
EndProject
Global
	GlobalSection(SolutionConfigurationPlatforms) = preSolution
		Debug|Any CPU = Debug|Any CPU
		Release|Any CPU = Release|Any CPU
	EndGlobalSection
	GlobalSection(ProjectConfigurationPlatforms) = postSolution
		{67B26A27-C93D-454A-AEB6-CC82C6568A72}.Debug|Any CPU.ActiveCfg = Debug|Any CPU
		{67B26A27-C93D-454A-AEB6-CC82C6568A72}.Debug|Any CPU.Build.0 = Debug|Any CPU
		{67B26A27-C93D-454A-AEB6-CC82C6568A72}.Release|Any CPU.ActiveCfg = Release|Any CPU
		{67B26A27-C93D-454A-AEB6-CC82C6568A72}.Release|Any CPU.Build.0 = Release|Any CPU
	EndGlobalSection
	GlobalSection(SolutionProperties) = preSolution
		HideSolutionNode = FALSE
	EndGlobalSection
	GlobalSection(ExtensibilityGlobals) = postSolution
		SolutionGuid = {3AFE06AA-40B3-4B22-8DA2-3B4FE03D6595}
	EndGlobalSection
EndGlobal
