
Microsoft Visual Studio Solution File, Format Version 12.00
# Visual Studio Version 17
VisualStudioVersion = 17.14.36804.6 d17.14
MinimumVisualStudioVersion = 10.0.40219.1
Project("{FAE04EC0-301F-11D3-BF4B-00C04F79EFBC}") = "task_4_47", "task_4_47\task_4_47.csproj", "{C59A6CE2-4D19-4177-97EA-681F94BFEB4E}"
EndProject
Global
	GlobalSection(SolutionConfigurationPlatforms) = preSolution
		Debug|Any CPU = Debug|Any CPU
		Release|Any CPU = Release|Any CPU
	EndGlobalSection
	GlobalSection(ProjectConfigurationPlatforms) = postSolution
		{C59A6CE2-4D19-4177-97EA-681F94BFEB4E}.Debug|Any CPU.ActiveCfg = Debug|Any CPU
		{C59A6CE2-4D19-4177-97EA-681F94BFEB4E}.Debug|Any CPU.Build.0 = Debug|Any CPU
		{C59A6CE2-4D19-4177-97EA-681F94BFEB4E}.Release|Any CPU.ActiveCfg = Release|Any CPU
		{C59A6CE2-4D19-4177-97EA-681F94BFEB4E}.Release|Any CPU.Build.0 = Release|Any CPU
	EndGlobalSection
	GlobalSection(SolutionProperties) = preSolution
		HideSolutionNode = FALSE
	EndGlobalSection
	GlobalSection(ExtensibilityGlobals) = postSolution
		SolutionGuid = {ECC5C718-0FC3-4C5F-ABB3-63312085EE92}
	EndGlobalSection
EndGlobal
