
Microsoft Visual Studio Solution File, Format Version 12.00
# Visual Studio Version 17
VisualStudioVersion = 17.14.36804.6 d17.14
MinimumVisualStudioVersion = 10.0.40219.1
Project("{FAE04EC0-301F-11D3-BF4B-00C04F79EFBC}") = "task_4_49", "task_4_49\task_4_49.csproj", "{C1D90A5C-E60F-4882-80D0-113351D87B38}"
EndProject
Global
	GlobalSection(SolutionConfigurationPlatforms) = preSolution
		Debug|Any CPU = Debug|Any CPU
		Release|Any CPU = Release|Any CPU
	EndGlobalSection
	GlobalSection(ProjectConfigurationPlatforms) = postSolution
		{C1D90A5C-E60F-4882-80D0-113351D87B38}.Debug|Any CPU.ActiveCfg = Debug|Any CPU
		{C1D90A5C-E60F-4882-80D0-113351D87B38}.Debug|Any CPU.Build.0 = Debug|Any CPU
		{C1D90A5C-E60F-4882-80D0-113351D87B38}.Release|Any CPU.ActiveCfg = Release|Any CPU
		{C1D90A5C-E60F-4882-80D0-113351D87B38}.Release|Any CPU.Build.0 = Release|Any CPU
	EndGlobalSection
	GlobalSection(SolutionProperties) = preSolution
		HideSolutionNode = FALSE
	EndGlobalSection
	GlobalSection(ExtensibilityGlobals) = postSolution
		SolutionGuid = {1C5D8369-4406-4493-8F59-836FF9D20118}
	EndGlobalSection
EndGlobal
