
Microsoft Visual Studio Solution File, Format Version 12.00
# Visual Studio Version 17
VisualStudioVersion = 17.14.36804.6 d17.14
MinimumVisualStudioVersion = 10.0.40219.1
Project("{FAE04EC0-301F-11D3-BF4B-00C04F79EFBC}") = "task_4_141", "task_4_141\task_4_141.csproj", "{9FBD1BF7-6901-4AB5-90FF-4A21C2458496}"
EndProject
Global
	GlobalSection(SolutionConfigurationPlatforms) = preSolution
		Debug|Any CPU = Debug|Any CPU
		Release|Any CPU = Release|Any CPU
	EndGlobalSection
	GlobalSection(ProjectConfigurationPlatforms) = postSolution
		{9FBD1BF7-6901-4AB5-90FF-4A21C2458496}.Debug|Any CPU.ActiveCfg = Debug|Any CPU
		{9FBD1BF7-6901-4AB5-90FF-4A21C2458496}.Debug|Any CPU.Build.0 = Debug|Any CPU
		{9FBD1BF7-6901-4AB5-90FF-4A21C2458496}.Release|Any CPU.ActiveCfg = Release|Any CPU
		{9FBD1BF7-6901-4AB5-90FF-4A21C2458496}.Release|Any CPU.Build.0 = Release|Any CPU
	EndGlobalSection
	GlobalSection(SolutionProperties) = preSolution
		HideSolutionNode = FALSE
	EndGlobalSection
	GlobalSection(ExtensibilityGlobals) = postSolution
		SolutionGuid = {E37B47EF-F461-4E41-9F38-5C1F4FF9293A}
	EndGlobalSection
EndGlobal
