
Microsoft Visual Studio Solution File, Format Version 12.00
# Visual Studio Version 17
VisualStudioVersion = 17.14.36804.6 d17.14
MinimumVisualStudioVersion = 10.0.40219.1
Project("{FAE04EC0-301F-11D3-BF4B-00C04F79EFBC}") = "task_4_123", "task_4_123\task_4_123.csproj", "{F6A870A8-F577-4749-A20E-7D12B4F0D836}"
EndProject
Global
	GlobalSection(SolutionConfigurationPlatforms) = preSolution
		Debug|Any CPU = Debug|Any CPU
		Release|Any CPU = Release|Any CPU
	EndGlobalSection
	GlobalSection(ProjectConfigurationPlatforms) = postSolution
		{F6A870A8-F577-4749-A20E-7D12B4F0D836}.Debug|Any CPU.ActiveCfg = Debug|Any CPU
		{F6A870A8-F577-4749-A20E-7D12B4F0D836}.Debug|Any CPU.Build.0 = Debug|Any CPU
		{F6A870A8-F577-4749-A20E-7D12B4F0D836}.Release|Any CPU.ActiveCfg = Release|Any CPU
		{F6A870A8-F577-4749-A20E-7D12B4F0D836}.Release|Any CPU.Build.0 = Release|Any CPU
	EndGlobalSection
	GlobalSection(SolutionProperties) = preSolution
		HideSolutionNode = FALSE
	EndGlobalSection
	GlobalSection(ExtensibilityGlobals) = postSolution
		SolutionGuid = {7221BC25-9416-4826-B90A-B95031CA07CC}
	EndGlobalSection
EndGlobal
