
Microsoft Visual Studio Solution File, Format Version 12.00
# Visual Studio Version 17
VisualStudioVersion = 17.14.36804.6 d17.14
MinimumVisualStudioVersion = 10.0.40219.1
Project("{FAE04EC0-301F-11D3-BF4B-00C04F79EFBC}") = "task_4_105", "task_4_105\task_4_105.csproj", "{08228144-350F-4E33-BAF4-79B3F3BDD8D1}"
EndProject
Global
	GlobalSection(SolutionConfigurationPlatforms) = preSolution
		Debug|Any CPU = Debug|Any CPU
		Release|Any CPU = Release|Any CPU
	EndGlobalSection
	GlobalSection(ProjectConfigurationPlatforms) = postSolution
		{08228144-350F-4E33-BAF4-79B3F3BDD8D1}.Debug|Any CPU.ActiveCfg = Debug|Any CPU
		{08228144-350F-4E33-BAF4-79B3F3BDD8D1}.Debug|Any CPU.Build.0 = Debug|Any CPU
		{08228144-350F-4E33-BAF4-79B3F3BDD8D1}.Release|Any CPU.ActiveCfg = Release|Any CPU
		{08228144-350F-4E33-BAF4-79B3F3BDD8D1}.Release|Any CPU.Build.0 = Release|Any CPU
	EndGlobalSection
	GlobalSection(SolutionProperties) = preSolution
		HideSolutionNode = FALSE
	EndGlobalSection
	GlobalSection(ExtensibilityGlobals) = postSolution
		SolutionGuid = {4FDC33AA-C927-4A41-B69C-30248E286B31}
	EndGlobalSection
EndGlobal
