
Microsoft Visual Studio Solution File, Format Version 12.00
# Visual Studio Version 17
VisualStudioVersion = 17.14.36804.6 d17.14
MinimumVisualStudioVersion = 10.0.40219.1
Project("{FAE04EC0-301F-11D3-BF4B-00C04F79EFBC}") = "task_4_93", "task_4_93\task_4_93.csproj", "{086080D5-C6AB-4F82-87C1-46D7A58A0F72}"
EndProject
Global
	GlobalSection(SolutionConfigurationPlatforms) = preSolution
		Debug|Any CPU = Debug|Any CPU
		Release|Any CPU = Release|Any CPU
	EndGlobalSection
	GlobalSection(ProjectConfigurationPlatforms) = postSolution
		{086080D5-C6AB-4F82-87C1-46D7A58A0F72}.Debug|Any CPU.ActiveCfg = Debug|Any CPU
		{086080D5-C6AB-4F82-87C1-46D7A58A0F72}.Debug|Any CPU.Build.0 = Debug|Any CPU
		{086080D5-C6AB-4F82-87C1-46D7A58A0F72}.Release|Any CPU.ActiveCfg = Release|Any CPU
		{086080D5-C6AB-4F82-87C1-46D7A58A0F72}.Release|Any CPU.Build.0 = Release|Any CPU
	EndGlobalSection
	GlobalSection(SolutionProperties) = preSolution
		HideSolutionNode = FALSE
	EndGlobalSection
	GlobalSection(ExtensibilityGlobals) = postSolution
		SolutionGuid = {1E46E38B-D736-4973-B584-F6FC4DD79D07}
	EndGlobalSection
EndGlobal
