
Microsoft Visual Studio Solution File, Format Version 12.00
# Visual Studio Version 17
VisualStudioVersion = 17.14.36804.6 d17.14
MinimumVisualStudioVersion = 10.0.40219.1
Project("{FAE04EC0-301F-11D3-BF4B-00C04F79EFBC}") = "task_4_85", "task_4_85\task_4_85.csproj", "{F9E974E4-129C-4608-AC55-7C08A112CF66}"
EndProject
Global
	GlobalSection(SolutionConfigurationPlatforms) = preSolution
		Debug|Any CPU = Debug|Any CPU
		Release|Any CPU = Release|Any CPU
	EndGlobalSection
	GlobalSection(ProjectConfigurationPlatforms) = postSolution
		{F9E974E4-129C-4608-AC55-7C08A112CF66}.Debug|Any CPU.ActiveCfg = Debug|Any CPU
		{F9E974E4-129C-4608-AC55-7C08A112CF66}.Debug|Any CPU.Build.0 = Debug|Any CPU
		{F9E974E4-129C-4608-AC55-7C08A112CF66}.Release|Any CPU.ActiveCfg = Release|Any CPU
		{F9E974E4-129C-4608-AC55-7C08A112CF66}.Release|Any CPU.Build.0 = Release|Any CPU
	EndGlobalSection
	GlobalSection(SolutionProperties) = preSolution
		HideSolutionNode = FALSE
	EndGlobalSection
	GlobalSection(ExtensibilityGlobals) = postSolution
		SolutionGuid = {B14DF137-A95D-4C93-B931-DAE312CB6184}
	EndGlobalSection
EndGlobal
