
Microsoft Visual Studio Solution File, Format Version 12.00
# Visual Studio Version 17
VisualStudioVersion = 17.14.36804.6 d17.14
MinimumVisualStudioVersion = 10.0.40219.1
Project("{FAE04EC0-301F-11D3-BF4B-00C04F79EFBC}") = "task_4_66", "task_4_66\task_4_66.csproj", "{CD8E2114-5941-4321-8FB9-9B63746AF56A}"
EndProject
Global
	GlobalSection(SolutionConfigurationPlatforms) = preSolution
		Debug|Any CPU = Debug|Any CPU
		Release|Any CPU = Release|Any CPU
	EndGlobalSection
	GlobalSection(ProjectConfigurationPlatforms) = postSolution
		{CD8E2114-5941-4321-8FB9-9B63746AF56A}.Debug|Any CPU.ActiveCfg = Debug|Any CPU
		{CD8E2114-5941-4321-8FB9-9B63746AF56A}.Debug|Any CPU.Build.0 = Debug|Any CPU
		{CD8E2114-5941-4321-8FB9-9B63746AF56A}.Release|Any CPU.ActiveCfg = Release|Any CPU
		{CD8E2114-5941-4321-8FB9-9B63746AF56A}.Release|Any CPU.Build.0 = Release|Any CPU
	EndGlobalSection
	GlobalSection(SolutionProperties) = preSolution
		HideSolutionNode = FALSE
	EndGlobalSection
	GlobalSection(ExtensibilityGlobals) = postSolution
		SolutionGuid = {01E9C9FD-7BC3-4347-8303-772E81A38FC0}
	EndGlobalSection
EndGlobal
