
Microsoft Visual Studio Solution File, Format Version 12.00
# Visual Studio Version 17
VisualStudioVersion = 17.14.36804.6 d17.14
MinimumVisualStudioVersion = 10.0.40219.1
Project("{FAE04EC0-301F-11D3-BF4B-00C04F79EFBC}") = "task_4_30", "task_4_30\task_4_30.csproj", "{09FC67F2-0697-4636-8BCD-53DDF999C5ED}"
EndProject
Global
	GlobalSection(SolutionConfigurationPlatforms) = preSolution
		Debug|Any CPU = Debug|Any CPU
		Release|Any CPU = Release|Any CPU
	EndGlobalSection
	GlobalSection(ProjectConfigurationPlatforms) = postSolution
		{09FC67F2-0697-4636-8BCD-53DDF999C5ED}.Debug|Any CPU.ActiveCfg = Debug|Any CPU
		{09FC67F2-0697-4636-8BCD-53DDF999C5ED}.Debug|Any CPU.Build.0 = Debug|Any CPU
		{09FC67F2-0697-4636-8BCD-53DDF999C5ED}.Release|Any CPU.ActiveCfg = Release|Any CPU
		{09FC67F2-0697-4636-8BCD-53DDF999C5ED}.Release|Any CPU.Build.0 = Release|Any CPU
	EndGlobalSection
	GlobalSection(SolutionProperties) = preSolution
		HideSolutionNode = FALSE
	EndGlobalSection
	GlobalSection(ExtensibilityGlobals) = postSolution
		SolutionGuid = {3B2DD30D-2555-4FEC-BCA2-9D4B9B1BEDD3}
	EndGlobalSection
EndGlobal
