
Microsoft Visual Studio Solution File, Format Version 12.00
# Visual Studio Version 17
VisualStudioVersion = 17.14.36804.6 d17.14
MinimumVisualStudioVersion = 10.0.40219.1
Project("{FAE04EC0-301F-11D3-BF4B-00C04F79EFBC}") = "task_4_118", "task_4_118\task_4_118.csproj", "{7F9884F3-76E2-4BDA-B8DC-CD79604D49B9}"
EndProject
Global
	GlobalSection(SolutionConfigurationPlatforms) = preSolution
		Debug|Any CPU = Debug|Any CPU
		Release|Any CPU = Release|Any CPU
	EndGlobalSection
	GlobalSection(ProjectConfigurationPlatforms) = postSolution
		{7F9884F3-76E2-4BDA-B8DC-CD79604D49B9}.Debug|Any CPU.ActiveCfg = Debug|Any CPU
		{7F9884F3-76E2-4BDA-B8DC-CD79604D49B9}.Debug|Any CPU.Build.0 = Debug|Any CPU
		{7F9884F3-76E2-4BDA-B8DC-CD79604D49B9}.Release|Any CPU.ActiveCfg = Release|Any CPU
		{7F9884F3-76E2-4BDA-B8DC-CD79604D49B9}.Release|Any CPU.Build.0 = Release|Any CPU
	EndGlobalSection
	GlobalSection(SolutionProperties) = preSolution
		HideSolutionNode = FALSE
	EndGlobalSection
	GlobalSection(ExtensibilityGlobals) = postSolution
		SolutionGuid = {96F7F052-3427-430D-9A60-30FFF44CB73E}
	EndGlobalSection
EndGlobal
