
Microsoft Visual Studio Solution File, Format Version 12.00
# Visual Studio Version 17
VisualStudioVersion = 17.14.36804.6 d17.14
MinimumVisualStudioVersion = 10.0.40219.1
Project("{FAE04EC0-301F-11D3-BF4B-00C04F79EFBC}") = "task_4_60", "task_4_60\task_4_60.csproj", "{70D0A448-CD6E-4322-8E51-D061A371FADE}"
EndProject
Global
	GlobalSection(SolutionConfigurationPlatforms) = preSolution
		Debug|Any CPU = Debug|Any CPU
		Release|Any CPU = Release|Any CPU
	EndGlobalSection
	GlobalSection(ProjectConfigurationPlatforms) = postSolution
		{70D0A448-CD6E-4322-8E51-D061A371FADE}.Debug|Any CPU.ActiveCfg = Debug|Any CPU
		{70D0A448-CD6E-4322-8E51-D061A371FADE}.Debug|Any CPU.Build.0 = Debug|Any CPU
		{70D0A448-CD6E-4322-8E51-D061A371FADE}.Release|Any CPU.ActiveCfg = Release|Any CPU
		{70D0A448-CD6E-4322-8E51-D061A371FADE}.Release|Any CPU.Build.0 = Release|Any CPU
	EndGlobalSection
	GlobalSection(SolutionProperties) = preSolution
		HideSolutionNode = FALSE
	EndGlobalSection
	GlobalSection(ExtensibilityGlobals) = postSolution
		SolutionGuid = {D3790D26-8EF8-46C9-9A9D-B5926128460F}
	EndGlobalSection
EndGlobal
