
Microsoft Visual Studio Solution File, Format Version 12.00
# Visual Studio Version 17
VisualStudioVersion = 17.14.36804.6 d17.14
MinimumVisualStudioVersion = 10.0.40219.1
Project("{FAE04EC0-301F-11D3-BF4B-00C04F79EFBC}") = "task_4_142", "task_4_142\task_4_142.csproj", "{F43D3A5E-D6F3-42FE-BFF6-8718D5FBE425}"
EndProject
Global
	GlobalSection(SolutionConfigurationPlatforms) = preSolution
		Debug|Any CPU = Debug|Any CPU
		Release|Any CPU = Release|Any CPU
	EndGlobalSection
	GlobalSection(ProjectConfigurationPlatforms) = postSolution
		{F43D3A5E-D6F3-42FE-BFF6-8718D5FBE425}.Debug|Any CPU.ActiveCfg = Debug|Any CPU
		{F43D3A5E-D6F3-42FE-BFF6-8718D5FBE425}.Debug|Any CPU.Build.0 = Debug|Any CPU
		{F43D3A5E-D6F3-42FE-BFF6-8718D5FBE425}.Release|Any CPU.ActiveCfg = Release|Any CPU
		{F43D3A5E-D6F3-42FE-BFF6-8718D5FBE425}.Release|Any CPU.Build.0 = Release|Any CPU
	EndGlobalSection
	GlobalSection(SolutionProperties) = preSolution
		HideSolutionNode = FALSE
	EndGlobalSection
	GlobalSection(ExtensibilityGlobals) = postSolution
		SolutionGuid = {6DBF2AB9-0E2F-492D-B41A-984C5F41F806}
	EndGlobalSection
EndGlobal
