
Microsoft Visual Studio Solution File, Format Version 12.00
# Visual Studio Version 17
VisualStudioVersion = 17.14.36804.6 d17.14
MinimumVisualStudioVersion = 10.0.40219.1
Project("{FAE04EC0-301F-11D3-BF4B-00C04F79EFBC}") = "task_4_86", "task_4_86\task_4_86.csproj", "{DCE25139-4F38-492C-9F16-E2F38B9F8C97}"
EndProject
Global
	GlobalSection(SolutionConfigurationPlatforms) = preSolution
		Debug|Any CPU = Debug|Any CPU
		Release|Any CPU = Release|Any CPU
	EndGlobalSection
	GlobalSection(ProjectConfigurationPlatforms) = postSolution
		{DCE25139-4F38-492C-9F16-E2F38B9F8C97}.Debug|Any CPU.ActiveCfg = Debug|Any CPU
		{DCE25139-4F38-492C-9F16-E2F38B9F8C97}.Debug|Any CPU.Build.0 = Debug|Any CPU
		{DCE25139-4F38-492C-9F16-E2F38B9F8C97}.Release|Any CPU.ActiveCfg = Release|Any CPU
		{DCE25139-4F38-492C-9F16-E2F38B9F8C97}.Release|Any CPU.Build.0 = Release|Any CPU
	EndGlobalSection
	GlobalSection(SolutionProperties) = preSolution
		HideSolutionNode = FALSE
	EndGlobalSection
	GlobalSection(ExtensibilityGlobals) = postSolution
		SolutionGuid = {151D5CFB-33B5-413F-BB10-ADE4C74D3325}
	EndGlobalSection
EndGlobal
