
Microsoft Visual Studio Solution File, Format Version 12.00
# Visual Studio Version 17
VisualStudioVersion = 17.14.36804.6 d17.14
MinimumVisualStudioVersion = 10.0.40219.1
Project("{FAE04EC0-301F-11D3-BF4B-00C04F79EFBC}") = "task_4_77", "task_4_77\task_4_77.csproj", "{2A1738DF-F690-4802-ACF7-4A2A31FCB243}"
EndProject
Global
	GlobalSection(SolutionConfigurationPlatforms) = preSolution
		Debug|Any CPU = Debug|Any CPU
		Release|Any CPU = Release|Any CPU
	EndGlobalSection
	GlobalSection(ProjectConfigurationPlatforms) = postSolution
		{2A1738DF-F690-4802-ACF7-4A2A31FCB243}.Debug|Any CPU.ActiveCfg = Debug|Any CPU
		{2A1738DF-F690-4802-ACF7-4A2A31FCB243}.Debug|Any CPU.Build.0 = Debug|Any CPU
		{2A1738DF-F690-4802-ACF7-4A2A31FCB243}.Release|Any CPU.ActiveCfg = Release|Any CPU
		{2A1738DF-F690-4802-ACF7-4A2A31FCB243}.Release|Any CPU.Build.0 = Release|Any CPU
	EndGlobalSection
	GlobalSection(SolutionProperties) = preSolution
		HideSolutionNode = FALSE
	EndGlobalSection
	GlobalSection(ExtensibilityGlobals) = postSolution
		SolutionGuid = {E59C70AC-5D31-4D15-BFBE-BCF864EE1189}
	EndGlobalSection
EndGlobal
