
Microsoft Visual Studio Solution File, Format Version 12.00
# Visual Studio Version 17
VisualStudioVersion = 17.14.36804.6 d17.14
MinimumVisualStudioVersion = 10.0.40219.1
Project("{FAE04EC0-301F-11D3-BF4B-00C04F79EFBC}") = "task_4_36", "task_4_36\task_4_36.csproj", "{CEBEF5A9-4234-403A-9CF0-2ED395BEB9C7}"
EndProject
Global
	GlobalSection(SolutionConfigurationPlatforms) = preSolution
		Debug|Any CPU = Debug|Any CPU
		Release|Any CPU = Release|Any CPU
	EndGlobalSection
	GlobalSection(ProjectConfigurationPlatforms) = postSolution
		{CEBEF5A9-4234-403A-9CF0-2ED395BEB9C7}.Debug|Any CPU.ActiveCfg = Debug|Any CPU
		{CEBEF5A9-4234-403A-9CF0-2ED395BEB9C7}.Debug|Any CPU.Build.0 = Debug|Any CPU
		{CEBEF5A9-4234-403A-9CF0-2ED395BEB9C7}.Release|Any CPU.ActiveCfg = Release|Any CPU
		{CEBEF5A9-4234-403A-9CF0-2ED395BEB9C7}.Release|Any CPU.Build.0 = Release|Any CPU
	EndGlobalSection
	GlobalSection(SolutionProperties) = preSolution
		HideSolutionNode = FALSE
	EndGlobalSection
	GlobalSection(ExtensibilityGlobals) = postSolution
		SolutionGuid = {45AE7EC5-6891-422A-B75E-16B088CD155F}
	EndGlobalSection
EndGlobal
