
Microsoft Visual Studio Solution File, Format Version 12.00
# Visual Studio Version 17
VisualStudioVersion = 17.14.36804.6 d17.14
MinimumVisualStudioVersion = 10.0.40219.1
Project("{FAE04EC0-301F-11D3-BF4B-00C04F79EFBC}") = "task_4_124", "task_4_124\task_4_124.csproj", "{8A541F78-429D-4D6D-BDAF-A27F34509D89}"
EndProject
Global
	GlobalSection(SolutionConfigurationPlatforms) = preSolution
		Debug|Any CPU = Debug|Any CPU
		Release|Any CPU = Release|Any CPU
	EndGlobalSection
	GlobalSection(ProjectConfigurationPlatforms) = postSolution
		{8A541F78-429D-4D6D-BDAF-A27F34509D89}.Debug|Any CPU.ActiveCfg = Debug|Any CPU
		{8A541F78-429D-4D6D-BDAF-A27F34509D89}.Debug|Any CPU.Build.0 = Debug|Any CPU
		{8A541F78-429D-4D6D-BDAF-A27F34509D89}.Release|Any CPU.ActiveCfg = Release|Any CPU
		{8A541F78-429D-4D6D-BDAF-A27F34509D89}.Release|Any CPU.Build.0 = Release|Any CPU
	EndGlobalSection
	GlobalSection(SolutionProperties) = preSolution
		HideSolutionNode = FALSE
	EndGlobalSection
	GlobalSection(ExtensibilityGlobals) = postSolution
		SolutionGuid = {4518B16F-112C-45C8-9A7A-74450432F59F}
	EndGlobalSection
EndGlobal
