
Microsoft Visual Studio Solution File, Format Version 12.00
# Visual Studio Version 17
VisualStudioVersion = 17.14.36804.6 d17.14
MinimumVisualStudioVersion = 10.0.40219.1
Project("{FAE04EC0-301F-11D3-BF4B-00C04F79EFBC}") = "task_4_16", "task_4_16\task_4_16.csproj", "{C539FCD7-47F2-4655-A8B7-48EB1835BBBF}"
EndProject
Global
	GlobalSection(SolutionConfigurationPlatforms) = preSolution
		Debug|Any CPU = Debug|Any CPU
		Release|Any CPU = Release|Any CPU
	EndGlobalSection
	GlobalSection(ProjectConfigurationPlatforms) = postSolution
		{C539FCD7-47F2-4655-A8B7-48EB1835BBBF}.Debug|Any CPU.ActiveCfg = Debug|Any CPU
		{C539FCD7-47F2-4655-A8B7-48EB1835BBBF}.Debug|Any CPU.Build.0 = Debug|Any CPU
		{C539FCD7-47F2-4655-A8B7-48EB1835BBBF}.Release|Any CPU.ActiveCfg = Release|Any CPU
		{C539FCD7-47F2-4655-A8B7-48EB1835BBBF}.Release|Any CPU.Build.0 = Release|Any CPU
	EndGlobalSection
	GlobalSection(SolutionProperties) = preSolution
		HideSolutionNode = FALSE
	EndGlobalSection
	GlobalSection(ExtensibilityGlobals) = postSolution
		SolutionGuid = {2B1CB932-F89A-4293-A40E-EB5412774693}
	EndGlobalSection
EndGlobal
