
Microsoft Visual Studio Solution File, Format Version 12.00
# Visual Studio Version 17
VisualStudioVersion = 17.14.36804.6 d17.14
MinimumVisualStudioVersion = 10.0.40219.1
Project("{FAE04EC0-301F-11D3-BF4B-00C04F79EFBC}") = "task_4_94", "task_4_94\task_4_94.csproj", "{C97992D2-9D2C-4D91-8FB0-41557CF92446}"
EndProject
Global
	GlobalSection(SolutionConfigurationPlatforms) = preSolution
		Debug|Any CPU = Debug|Any CPU
		Release|Any CPU = Release|Any CPU
	EndGlobalSection
	GlobalSection(ProjectConfigurationPlatforms) = postSolution
		{C97992D2-9D2C-4D91-8FB0-41557CF92446}.Debug|Any CPU.ActiveCfg = Debug|Any CPU
		{C97992D2-9D2C-4D91-8FB0-41557CF92446}.Debug|Any CPU.Build.0 = Debug|Any CPU
		{C97992D2-9D2C-4D91-8FB0-41557CF92446}.Release|Any CPU.ActiveCfg = Release|Any CPU
		{C97992D2-9D2C-4D91-8FB0-41557CF92446}.Release|Any CPU.Build.0 = Release|Any CPU
	EndGlobalSection
	GlobalSection(SolutionProperties) = preSolution
		HideSolutionNode = FALSE
	EndGlobalSection
	GlobalSection(ExtensibilityGlobals) = postSolution
		SolutionGuid = {ACCBB862-4745-4953-9F08-B19645EE1138}
	EndGlobalSection
EndGlobal
