
Microsoft Visual Studio Solution File, Format Version 12.00
# Visual Studio Version 17
VisualStudioVersion = 17.14.36804.6 d17.14
MinimumVisualStudioVersion = 10.0.40219.1
Project("{FAE04EC0-301F-11D3-BF4B-00C04F79EFBC}") = "task_4_111", "task_4_111\task_4_111.csproj", "{980D3926-F6F7-49FD-B0B3-9992AE15AF16}"
EndProject
Global
	GlobalSection(SolutionConfigurationPlatforms) = preSolution
		Debug|Any CPU = Debug|Any CPU
		Release|Any CPU = Release|Any CPU
	EndGlobalSection
	GlobalSection(ProjectConfigurationPlatforms) = postSolution
		{980D3926-F6F7-49FD-B0B3-9992AE15AF16}.Debug|Any CPU.ActiveCfg = Debug|Any CPU
		{980D3926-F6F7-49FD-B0B3-9992AE15AF16}.Debug|Any CPU.Build.0 = Debug|Any CPU
		{980D3926-F6F7-49FD-B0B3-9992AE15AF16}.Release|Any CPU.ActiveCfg = Release|Any CPU
		{980D3926-F6F7-49FD-B0B3-9992AE15AF16}.Release|Any CPU.Build.0 = Release|Any CPU
	EndGlobalSection
	GlobalSection(SolutionProperties) = preSolution
		HideSolutionNode = FALSE
	EndGlobalSection
	GlobalSection(ExtensibilityGlobals) = postSolution
		SolutionGuid = {116906BF-0A59-4587-A608-15F3B7FF5F16}
	EndGlobalSection
EndGlobal
