
Microsoft Visual Studio Solution File, Format Version 12.00
# Visual Studio Version 17
VisualStudioVersion = 17.14.36804.6 d17.14
MinimumVisualStudioVersion = 10.0.40219.1
Project("{FAE04EC0-301F-11D3-BF4B-00C04F79EFBC}") = "task_4_70", "task_4_70\task_4_70.csproj", "{3642F3A5-6A80-4EFF-BCA3-7DE6D2814DA3}"
EndProject
Global
	GlobalSection(SolutionConfigurationPlatforms) = preSolution
		Debug|Any CPU = Debug|Any CPU
		Release|Any CPU = Release|Any CPU
	EndGlobalSection
	GlobalSection(ProjectConfigurationPlatforms) = postSolution
		{3642F3A5-6A80-4EFF-BCA3-7DE6D2814DA3}.Debug|Any CPU.ActiveCfg = Debug|Any CPU
		{3642F3A5-6A80-4EFF-BCA3-7DE6D2814DA3}.Debug|Any CPU.Build.0 = Debug|Any CPU
		{3642F3A5-6A80-4EFF-BCA3-7DE6D2814DA3}.Release|Any CPU.ActiveCfg = Release|Any CPU
		{3642F3A5-6A80-4EFF-BCA3-7DE6D2814DA3}.Release|Any CPU.Build.0 = Release|Any CPU
	EndGlobalSection
	GlobalSection(SolutionProperties) = preSolution
		HideSolutionNode = FALSE
	EndGlobalSection
	GlobalSection(ExtensibilityGlobals) = postSolution
		SolutionGuid = {724556C9-3BAA-4BD1-9026-04BC25E75805}
	EndGlobalSection
EndGlobal
