
Microsoft Visual Studio Solution File, Format Version 12.00
# Visual Studio Version 17
VisualStudioVersion = 17.14.36804.6 d17.14
MinimumVisualStudioVersion = 10.0.40219.1
Project("{FAE04EC0-301F-11D3-BF4B-00C04F79EFBC}") = "task_4_48", "task_4_48\task_4_48.csproj", "{D625D119-B446-4112-A6D8-180D813210D0}"
EndProject
Global
	GlobalSection(SolutionConfigurationPlatforms) = preSolution
		Debug|Any CPU = Debug|Any CPU
		Release|Any CPU = Release|Any CPU
	EndGlobalSection
	GlobalSection(ProjectConfigurationPlatforms) = postSolution
		{D625D119-B446-4112-A6D8-180D813210D0}.Debug|Any CPU.ActiveCfg = Debug|Any CPU
		{D625D119-B446-4112-A6D8-180D813210D0}.Debug|Any CPU.Build.0 = Debug|Any CPU
		{D625D119-B446-4112-A6D8-180D813210D0}.Release|Any CPU.ActiveCfg = Release|Any CPU
		{D625D119-B446-4112-A6D8-180D813210D0}.Release|Any CPU.Build.0 = Release|Any CPU
	EndGlobalSection
	GlobalSection(SolutionProperties) = preSolution
		HideSolutionNode = FALSE
	EndGlobalSection
	GlobalSection(ExtensibilityGlobals) = postSolution
		SolutionGuid = {EDFF279C-57A3-43CE-8468-25FEE16E82ED}
	EndGlobalSection
EndGlobal
