
Microsoft Visual Studio Solution File, Format Version 12.00
# Visual Studio Version 17
VisualStudioVersion = 17.14.36804.6 d17.14
MinimumVisualStudioVersion = 10.0.40219.1
Project("{FAE04EC0-301F-11D3-BF4B-00C04F79EFBC}") = "task_4_101", "task_4_101\task_4_101.csproj", "{42670C52-8B51-4B34-BC18-8D3DCCE25293}"
EndProject
Global
	GlobalSection(SolutionConfigurationPlatforms) = preSolution
		Debug|Any CPU = Debug|Any CPU
		Release|Any CPU = Release|Any CPU
	EndGlobalSection
	GlobalSection(ProjectConfigurationPlatforms) = postSolution
		{42670C52-8B51-4B34-BC18-8D3DCCE25293}.Debug|Any CPU.ActiveCfg = Debug|Any CPU
		{42670C52-8B51-4B34-BC18-8D3DCCE25293}.Debug|Any CPU.Build.0 = Debug|Any CPU
		{42670C52-8B51-4B34-BC18-8D3DCCE25293}.Release|Any CPU.ActiveCfg = Release|Any CPU
		{42670C52-8B51-4B34-BC18-8D3DCCE25293}.Release|Any CPU.Build.0 = Release|Any CPU
	EndGlobalSection
	GlobalSection(SolutionProperties) = preSolution
		HideSolutionNode = FALSE
	EndGlobalSection
	GlobalSection(ExtensibilityGlobals) = postSolution
		SolutionGuid = {4B63AEE6-5D7E-468B-9716-344CE81A6098}
	EndGlobalSection
EndGlobal
