
Microsoft Visual Studio Solution File, Format Version 12.00
# Visual Studio Version 17
VisualStudioVersion = 17.14.36804.6 d17.14
MinimumVisualStudioVersion = 10.0.40219.1
Project("{FAE04EC0-301F-11D3-BF4B-00C04F79EFBC}") = "task_4_21", "task_4_21\task_4_21.csproj", "{569DD162-30D0-4383-9EB3-E22357903FC0}"
EndProject
Global
	GlobalSection(SolutionConfigurationPlatforms) = preSolution
		Debug|Any CPU = Debug|Any CPU
		Release|Any CPU = Release|Any CPU
	EndGlobalSection
	GlobalSection(ProjectConfigurationPlatforms) = postSolution
		{569DD162-30D0-4383-9EB3-E22357903FC0}.Debug|Any CPU.ActiveCfg = Debug|Any CPU
		{569DD162-30D0-4383-9EB3-E22357903FC0}.Debug|Any CPU.Build.0 = Debug|Any CPU
		{569DD162-30D0-4383-9EB3-E22357903FC0}.Release|Any CPU.ActiveCfg = Release|Any CPU
		{569DD162-30D0-4383-9EB3-E22357903FC0}.Release|Any CPU.Build.0 = Release|Any CPU
	EndGlobalSection
	GlobalSection(SolutionProperties) = preSolution
		HideSolutionNode = FALSE
	EndGlobalSection
	GlobalSection(ExtensibilityGlobals) = postSolution
		SolutionGuid = {87E67CFD-4270-462C-9786-4D20E39BF539}
	EndGlobalSection
EndGlobal
