
Microsoft Visual Studio Solution File, Format Version 12.00
# Visual Studio Version 17
VisualStudioVersion = 17.14.36804.6 d17.14
MinimumVisualStudioVersion = 10.0.40219.1
Project("{FAE04EC0-301F-11D3-BF4B-00C04F79EFBC}") = "task_4_69", "task_4_69\task_4_69.csproj", "{651C1DB2-2320-421D-8AC2-B44095F50E7B}"
EndProject
Global
	GlobalSection(SolutionConfigurationPlatforms) = preSolution
		Debug|Any CPU = Debug|Any CPU
		Release|Any CPU = Release|Any CPU
	EndGlobalSection
	GlobalSection(ProjectConfigurationPlatforms) = postSolution
		{651C1DB2-2320-421D-8AC2-B44095F50E7B}.Debug|Any CPU.ActiveCfg = Debug|Any CPU
		{651C1DB2-2320-421D-8AC2-B44095F50E7B}.Debug|Any CPU.Build.0 = Debug|Any CPU
		{651C1DB2-2320-421D-8AC2-B44095F50E7B}.Release|Any CPU.ActiveCfg = Release|Any CPU
		{651C1DB2-2320-421D-8AC2-B44095F50E7B}.Release|Any CPU.Build.0 = Release|Any CPU
	EndGlobalSection
	GlobalSection(SolutionProperties) = preSolution
		HideSolutionNode = FALSE
	EndGlobalSection
	GlobalSection(ExtensibilityGlobals) = postSolution
		SolutionGuid = {E7CB25E6-92EE-47A6-938B-D97B59EF98EA}
	EndGlobalSection
EndGlobal
